# This file is generated by running "yarn install" inside your project.
# Manual changes might be lost - proceed with caution!

__metadata:
  version: 8
  cacheKey: 10c0

"@biomejs/biome@npm:1.9.4":
  version: 1.9.4
  resolution: "@biomejs/biome@npm:1.9.4"
  dependencies:
    "@biomejs/cli-darwin-arm64": "npm:1.9.4"
    "@biomejs/cli-darwin-x64": "npm:1.9.4"
    "@biomejs/cli-linux-arm64": "npm:1.9.4"
    "@biomejs/cli-linux-arm64-musl": "npm:1.9.4"
    "@biomejs/cli-linux-x64": "npm:1.9.4"
    "@biomejs/cli-linux-x64-musl": "npm:1.9.4"
    "@biomejs/cli-win32-arm64": "npm:1.9.4"
    "@biomejs/cli-win32-x64": "npm:1.9.4"
  dependenciesMeta:
    "@biomejs/cli-darwin-arm64":
      optional: true
    "@biomejs/cli-darwin-x64":
      optional: true
    "@biomejs/cli-linux-arm64":
      optional: true
    "@biomejs/cli-linux-arm64-musl":
      optional: true
    "@biomejs/cli-linux-x64":
      optional: true
    "@biomejs/cli-linux-x64-musl":
      optional: true
    "@biomejs/cli-win32-arm64":
      optional: true
    "@biomejs/cli-win32-x64":
      optional: true
  bin:
    biome: bin/biome
  checksum: 10c0/b5655c5aed9a6fffe24f7d04f15ba4444389d0e891c9ed9106fab7388ac9b4be63185852cc2a937b22940dac3e550b71032a4afd306925cfea436c33e5646b3e
  languageName: node
  linkType: hard

"@biomejs/cli-darwin-arm64@npm:1.9.4":
  version: 1.9.4
  resolution: "@biomejs/cli-darwin-arm64@npm:1.9.4"
  conditions: os=darwin & cpu=arm64
  languageName: node
  linkType: hard

"@biomejs/cli-darwin-x64@npm:1.9.4":
  version: 1.9.4
  resolution: "@biomejs/cli-darwin-x64@npm:1.9.4"
  conditions: os=darwin & cpu=x64
  languageName: node
  linkType: hard

"@biomejs/cli-linux-arm64-musl@npm:1.9.4":
  version: 1.9.4
  resolution: "@biomejs/cli-linux-arm64-musl@npm:1.9.4"
  conditions: os=linux & cpu=arm64 & libc=musl
  languageName: node
  linkType: hard

"@biomejs/cli-linux-arm64@npm:1.9.4":
  version: 1.9.4
  resolution: "@biomejs/cli-linux-arm64@npm:1.9.4"
  conditions: os=linux & cpu=arm64 & libc=glibc
  languageName: node
  linkType: hard

"@biomejs/cli-linux-x64-musl@npm:1.9.4":
  version: 1.9.4
  resolution: "@biomejs/cli-linux-x64-musl@npm:1.9.4"
  conditions: os=linux & cpu=x64 & libc=musl
  languageName: node
  linkType: hard

"@biomejs/cli-linux-x64@npm:1.9.4":
  version: 1.9.4
  resolution: "@biomejs/cli-linux-x64@npm:1.9.4"
  conditions: os=linux & cpu=x64 & libc=glibc
  languageName: node
  linkType: hard

"@biomejs/cli-win32-arm64@npm:1.9.4":
  version: 1.9.4
  resolution: "@biomejs/cli-win32-arm64@npm:1.9.4"
  conditions: os=win32 & cpu=arm64
  languageName: node
  linkType: hard

"@biomejs/cli-win32-x64@npm:1.9.4":
  version: 1.9.4
  resolution: "@biomejs/cli-win32-x64@npm:1.9.4"
  conditions: os=win32 & cpu=x64
  languageName: node
  linkType: hard

"@sisa/biome-configs@workspace:*, @sisa/biome-configs@workspace:packages/biome-configs":
  version: 0.0.0-use.local
  resolution: "@sisa/biome-configs@workspace:packages/biome-configs"
  dependencies:
    "@biomejs/biome": "npm:1.9.4"
  languageName: unknown
  linkType: soft

"@sisa/react-configs@workspace:.":
  version: 0.0.0-use.local
  resolution: "@sisa/react-configs@workspace:."
  dependencies:
    "@biomejs/biome": "npm:1.9.4"
    "@sisa/biome-configs": "workspace:*"
    turbo: "npm:2.3.4"
  languageName: unknown
  linkType: soft

"@sisa/typescript-configs@workspace:packages/typescript-configs":
  version: 0.0.0-use.local
  resolution: "@sisa/typescript-configs@workspace:packages/typescript-configs"
  dependencies:
    "@biomejs/biome": "npm:1.9.4"
    "@sisa/biome-configs": "workspace:*"
  languageName: unknown
  linkType: soft

"turbo-darwin-64@npm:2.3.4":
  version: 2.3.4
  resolution: "turbo-darwin-64@npm:2.3.4"
  conditions: os=darwin & cpu=x64
  languageName: node
  linkType: hard

"turbo-darwin-arm64@npm:2.3.4":
  version: 2.3.4
  resolution: "turbo-darwin-arm64@npm:2.3.4"
  conditions: os=darwin & cpu=arm64
  languageName: node
  linkType: hard

"turbo-linux-64@npm:2.3.4":
  version: 2.3.4
  resolution: "turbo-linux-64@npm:2.3.4"
  conditions: os=linux & cpu=x64
  languageName: node
  linkType: hard

"turbo-linux-arm64@npm:2.3.4":
  version: 2.3.4
  resolution: "turbo-linux-arm64@npm:2.3.4"
  conditions: os=linux & cpu=arm64
  languageName: node
  linkType: hard

"turbo-windows-64@npm:2.3.4":
  version: 2.3.4
  resolution: "turbo-windows-64@npm:2.3.4"
  conditions: os=win32 & cpu=x64
  languageName: node
  linkType: hard

"turbo-windows-arm64@npm:2.3.4":
  version: 2.3.4
  resolution: "turbo-windows-arm64@npm:2.3.4"
  conditions: os=win32 & cpu=arm64
  languageName: node
  linkType: hard

"turbo@npm:2.3.4":
  version: 2.3.4
  resolution: "turbo@npm:2.3.4"
  dependencies:
    turbo-darwin-64: "npm:2.3.4"
    turbo-darwin-arm64: "npm:2.3.4"
    turbo-linux-64: "npm:2.3.4"
    turbo-linux-arm64: "npm:2.3.4"
    turbo-windows-64: "npm:2.3.4"
    turbo-windows-arm64: "npm:2.3.4"
  dependenciesMeta:
    turbo-darwin-64:
      optional: true
    turbo-darwin-arm64:
      optional: true
    turbo-linux-64:
      optional: true
    turbo-linux-arm64:
      optional: true
    turbo-windows-64:
      optional: true
    turbo-windows-arm64:
      optional: true
  bin:
    turbo: bin/turbo
  checksum: 10c0/c3c52f5aa4b7c38536f0229f59ae76592c581af351ebf4b6ed0eea95bd1534ed19d84fdaea6f8f26c106dfc95394f78d4361c95aa1ae3bacc255b4a8500d53cc
  languageName: node
  linkType: hard
